
Microsoft Visual Studio Solution File, Format Version 12.00
# Visual Studio 15
VisualStudioVersion = 15.0.27703.2047
MinimumVisualStudioVersion = 10.0.40219.1
Project("{9A19103F-16F7-4668-BE54-9A1E7A4F7556}") = "Example", "Example\Example.csproj", "{3D7F217D-2E5F-4854-89B4-F42E55F9AF16}"
EndProject
Project("{9A19103F-16F7-4668-BE54-9A1E7A4F7556}") = "NeuronNetworks", "NeuronNetworks\NeuronNetworks.csproj", "{A0499C21-A2C8-4C21-A0F0-F2C070746B20}"
EndProject
Project("{FAE04EC0-301F-11D3-BF4B-00C04F79EFBC}") = "ExampleNetFramework", "ExampleNetFramework\ExampleNetFramework.csproj", "{DEB1CBD3-2B0E-42D0-A25D-DB7C302E04FA}"
EndProject
Project("{FAE04EC0-301F-11D3-BF4B-00C04F79EFBC}") = "TextRecognizer", "TextRecognizer\TextRecognizer.csproj", "{C2F40C05-81BB-42F1-969C-B2EC811976C4}"
EndProject
Global
	GlobalSection(SolutionConfigurationPlatforms) = preSolution
		Debug|Any CPU = Debug|Any CPU
		Release|Any CPU = Release|Any CPU
	EndGlobalSection
	GlobalSection(ProjectConfigurationPlatforms) = postSolution
		{3D7F217D-2E5F-4854-89B4-F42E55F9AF16}.Debug|Any CPU.ActiveCfg = Debug|Any CPU
		{3D7F217D-2E5F-4854-89B4-F42E55F9AF16}.Debug|Any CPU.Build.0 = Debug|Any CPU
		{3D7F217D-2E5F-4854-89B4-F42E55F9AF16}.Release|Any CPU.ActiveCfg = Release|Any CPU
		{3D7F217D-2E5F-4854-89B4-F42E55F9AF16}.Release|Any CPU.Build.0 = Release|Any CPU
		{A0499C21-A2C8-4C21-A0F0-F2C070746B20}.Debug|Any CPU.ActiveCfg = Debug|Any CPU
		{A0499C21-A2C8-4C21-A0F0-F2C070746B20}.Debug|Any CPU.Build.0 = Debug|Any CPU
		{A0499C21-A2C8-4C21-A0F0-F2C070746B20}.Release|Any CPU.ActiveCfg = Release|Any CPU
		{A0499C21-A2C8-4C21-A0F0-F2C070746B20}.Release|Any CPU.Build.0 = Release|Any CPU
		{DEB1CBD3-2B0E-42D0-A25D-DB7C302E04FA}.Debug|Any CPU.ActiveCfg = Debug|Any CPU
		{DEB1CBD3-2B0E-42D0-A25D-DB7C302E04FA}.Debug|Any CPU.Build.0 = Debug|Any CPU
		{DEB1CBD3-2B0E-42D0-A25D-DB7C302E04FA}.Release|Any CPU.ActiveCfg = Release|Any CPU
		{DEB1CBD3-2B0E-42D0-A25D-DB7C302E04FA}.Release|Any CPU.Build.0 = Release|Any CPU
		{C2F40C05-81BB-42F1-969C-B2EC811976C4}.Debug|Any CPU.ActiveCfg = Debug|Any CPU
		{C2F40C05-81BB-42F1-969C-B2EC811976C4}.Debug|Any CPU.Build.0 = Debug|Any CPU
		{C2F40C05-81BB-42F1-969C-B2EC811976C4}.Release|Any CPU.ActiveCfg = Release|Any CPU
		{C2F40C05-81BB-42F1-969C-B2EC811976C4}.Release|Any CPU.Build.0 = Release|Any CPU
	EndGlobalSection
	GlobalSection(SolutionProperties) = preSolution
		HideSolutionNode = FALSE
	EndGlobalSection
	GlobalSection(ExtensibilityGlobals) = postSolution
		SolutionGuid = {2B8DCDE9-1A94-427C-9AE2-D18741376C23}
	EndGlobalSection
EndGlobal
